
Microsoft Visual Studio Solution File, Format Version 12.00
# Visual Studio Version 16
VisualStudioVersion = 16.0.30717.126
MinimumVisualStudioVersion = 10.0.40219.1
Project("{9A19103F-16F7-4668-BE54-9A1E7A4F7556}") = "Dokerize", "Dokerize\Dokerize.csproj", "{7DA897AC-A60A-407C-ACBB-D3AAD8CDBCE6}"
EndProject
Project("{FAE04EC0-301F-11D3-BF4B-00C04F79EFBC}") = "ClassLibrary1", "ClassLibrary1\ClassLibrary1.csproj", "{255BE4F9-2417-400D-925D-916629D222F4}"
EndProject
Global
	GlobalSection(SolutionConfigurationPlatforms) = preSolution
		Debug|Any CPU = Debug|Any CPU
		Release|Any CPU = Release|Any CPU
	EndGlobalSection
	GlobalSection(ProjectConfigurationPlatforms) = postSolution
		{7DA897AC-A60A-407C-ACBB-D3AAD8CDBCE6}.Debug|Any CPU.ActiveCfg = Debug|Any CPU
		{7DA897AC-A60A-407C-ACBB-D3AAD8CDBCE6}.Debug|Any CPU.Build.0 = Debug|Any CPU
		{7DA897AC-A60A-407C-ACBB-D3AAD8CDBCE6}.Release|Any CPU.ActiveCfg = Release|Any CPU
		{7DA897AC-A60A-407C-ACBB-D3AAD8CDBCE6}.Release|Any CPU.Build.0 = Release|Any CPU
		{255BE4F9-2417-400D-925D-916629D222F4}.Debug|Any CPU.ActiveCfg = Debug|Any CPU
		{255BE4F9-2417-400D-925D-916629D222F4}.Debug|Any CPU.Build.0 = Debug|Any CPU
		{255BE4F9-2417-400D-925D-916629D222F4}.Release|Any CPU.ActiveCfg = Release|Any CPU
		{255BE4F9-2417-400D-925D-916629D222F4}.Release|Any CPU.Build.0 = Release|Any CPU
	EndGlobalSection
	GlobalSection(SolutionProperties) = preSolution
		HideSolutionNode = FALSE
	EndGlobalSection
	GlobalSection(ExtensibilityGlobals) = postSolution
		SolutionGuid = {E4E9CA92-4C87-406C-9CEC-FA7AE5679500}
	EndGlobalSection
EndGlobal
